
Microsoft Visual Studio Solution File, Format Version 12.00
# Visual Studio Version 16
VisualStudioVersion = 16.0.30717.126
MinimumVisualStudioVersion = 10.0.40219.1
Project("{FAE04EC0-301F-11D3-BF4B-00C04F79EFBC}") = "EsercizioGit", "EsercizioGit\EsercizioGit.csproj", "{8BC12DC6-2353-4A69-BD80-9A39F0F39306}"
EndProject
Global
	GlobalSection(SolutionConfigurationPlatforms) = preSolution
		Debug|Any CPU = Debug|Any CPU
		Release|Any CPU = Release|Any CPU
	EndGlobalSection
	GlobalSection(ProjectConfigurationPlatforms) = postSolution
		{8BC12DC6-2353-4A69-BD80-9A39F0F39306}.Debug|Any CPU.ActiveCfg = Debug|Any CPU
		{8BC12DC6-2353-4A69-BD80-9A39F0F39306}.Debug|Any CPU.Build.0 = Debug|Any CPU
		{8BC12DC6-2353-4A69-BD80-9A39F0F39306}.Release|Any CPU.ActiveCfg = Release|Any CPU
		{8BC12DC6-2353-4A69-BD80-9A39F0F39306}.Release|Any CPU.Build.0 = Release|Any CPU
	EndGlobalSection
	GlobalSection(SolutionProperties) = preSolution
		HideSolutionNode = FALSE
	EndGlobalSection
	GlobalSection(ExtensibilityGlobals) = postSolution
		SolutionGuid = {03477AC9-DE84-4E75-AC90-A7E0EC7AC430}
	EndGlobalSection
EndGlobal
